
Microsoft Visual Studio Solution File, Format Version 12.00
# Visual Studio Version 17
VisualStudioVersion = 17.5.33424.131
MinimumVisualStudioVersion = 10.0.40219.1
Project("{9A19103F-16F7-4668-BE54-9A1E7A4F7556}") = "MELDv2", "MELDv2\MELDv2.csproj", "{37A28BB5-A6F8-4FD1-8A0E-F1C13073A224}"
EndProject
Project("{9A19103F-16F7-4668-BE54-9A1E7A4F7556}") = "LatinToCyrilicConverterRUS", "LatinToCyrilicConverterRUS\LatinToCyrilicConverterRUS.csproj", "{4D9ED9F7-4163-4BD3-B040-828E1B016AAB}"
EndProject
Project("{9A19103F-16F7-4668-BE54-9A1E7A4F7556}") = "MELDv2(UI)", "MELDv2(UI)\MELDv2(UI).csproj", "{44053657-AE01-4D02-B6B2-48D11603E1F4}"
EndProject
Global
	GlobalSection(SolutionConfigurationPlatforms) = preSolution
		Debug|Any CPU = Debug|Any CPU
		Debug|x86 = Debug|x86
		MELD v2|Any CPU = MELD v2|Any CPU
		MELD v2|x86 = MELD v2|x86
		Release|Any CPU = Release|Any CPU
		Release|x86 = Release|x86
	EndGlobalSection
	GlobalSection(ProjectConfigurationPlatforms) = postSolution
		{37A28BB5-A6F8-4FD1-8A0E-F1C13073A224}.Debug|Any CPU.ActiveCfg = Debug|Any CPU
		{37A28BB5-A6F8-4FD1-8A0E-F1C13073A224}.Debug|Any CPU.Build.0 = Debug|Any CPU
		{37A28BB5-A6F8-4FD1-8A0E-F1C13073A224}.Debug|x86.ActiveCfg = Debug|x86
		{37A28BB5-A6F8-4FD1-8A0E-F1C13073A224}.Debug|x86.Build.0 = Debug|x86
		{37A28BB5-A6F8-4FD1-8A0E-F1C13073A224}.MELD v2|Any CPU.ActiveCfg = MELD v2|Any CPU
		{37A28BB5-A6F8-4FD1-8A0E-F1C13073A224}.MELD v2|Any CPU.Build.0 = MELD v2|Any CPU
		{37A28BB5-A6F8-4FD1-8A0E-F1C13073A224}.MELD v2|x86.ActiveCfg = MELD v2|x86
		{37A28BB5-A6F8-4FD1-8A0E-F1C13073A224}.MELD v2|x86.Build.0 = MELD v2|x86
		{37A28BB5-A6F8-4FD1-8A0E-F1C13073A224}.Release|Any CPU.ActiveCfg = Release|Any CPU
		{37A28BB5-A6F8-4FD1-8A0E-F1C13073A224}.Release|Any CPU.Build.0 = Release|Any CPU
		{37A28BB5-A6F8-4FD1-8A0E-F1C13073A224}.Release|x86.ActiveCfg = Release|x86
		{37A28BB5-A6F8-4FD1-8A0E-F1C13073A224}.Release|x86.Build.0 = Release|x86
		{4D9ED9F7-4163-4BD3-B040-828E1B016AAB}.Debug|Any CPU.ActiveCfg = Debug|Any CPU
		{4D9ED9F7-4163-4BD3-B040-828E1B016AAB}.Debug|Any CPU.Build.0 = Debug|Any CPU
		{4D9ED9F7-4163-4BD3-B040-828E1B016AAB}.Debug|x86.ActiveCfg = Debug|x86
		{4D9ED9F7-4163-4BD3-B040-828E1B016AAB}.Debug|x86.Build.0 = Debug|x86
		{4D9ED9F7-4163-4BD3-B040-828E1B016AAB}.MELD v2|Any CPU.ActiveCfg = Debug|Any CPU
		{4D9ED9F7-4163-4BD3-B040-828E1B016AAB}.MELD v2|Any CPU.Build.0 = Debug|Any CPU
		{4D9ED9F7-4163-4BD3-B040-828E1B016AAB}.MELD v2|x86.ActiveCfg = MELD v2|x86
		{4D9ED9F7-4163-4BD3-B040-828E1B016AAB}.MELD v2|x86.Build.0 = MELD v2|x86
		{4D9ED9F7-4163-4BD3-B040-828E1B016AAB}.Release|Any CPU.ActiveCfg = Release|Any CPU
		{4D9ED9F7-4163-4BD3-B040-828E1B016AAB}.Release|Any CPU.Build.0 = Release|Any CPU
		{4D9ED9F7-4163-4BD3-B040-828E1B016AAB}.Release|x86.ActiveCfg = Release|x86
		{4D9ED9F7-4163-4BD3-B040-828E1B016AAB}.Release|x86.Build.0 = Release|x86
		{44053657-AE01-4D02-B6B2-48D11603E1F4}.Debug|Any CPU.ActiveCfg = Debug|Any CPU
		{44053657-AE01-4D02-B6B2-48D11603E1F4}.Debug|Any CPU.Build.0 = Debug|Any CPU
		{44053657-AE01-4D02-B6B2-48D11603E1F4}.Debug|x86.ActiveCfg = Debug|x86
		{44053657-AE01-4D02-B6B2-48D11603E1F4}.Debug|x86.Build.0 = Debug|x86
		{44053657-AE01-4D02-B6B2-48D11603E1F4}.MELD v2|Any CPU.ActiveCfg = Debug|Any CPU
		{44053657-AE01-4D02-B6B2-48D11603E1F4}.MELD v2|Any CPU.Build.0 = Debug|Any CPU
		{44053657-AE01-4D02-B6B2-48D11603E1F4}.MELD v2|x86.ActiveCfg = MELD v2|x86
		{44053657-AE01-4D02-B6B2-48D11603E1F4}.MELD v2|x86.Build.0 = MELD v2|x86
		{44053657-AE01-4D02-B6B2-48D11603E1F4}.Release|Any CPU.ActiveCfg = Release|Any CPU
		{44053657-AE01-4D02-B6B2-48D11603E1F4}.Release|Any CPU.Build.0 = Release|Any CPU
		{44053657-AE01-4D02-B6B2-48D11603E1F4}.Release|x86.ActiveCfg = Release|x86
		{44053657-AE01-4D02-B6B2-48D11603E1F4}.Release|x86.Build.0 = Release|x86
	EndGlobalSection
	GlobalSection(SolutionProperties) = preSolution
		HideSolutionNode = FALSE
	EndGlobalSection
	GlobalSection(ExtensibilityGlobals) = postSolution
		SolutionGuid = {24E05335-3C63-4AD5-9ECF-B44BAAF94A7D}
	EndGlobalSection
EndGlobal
